// !$*UTF8*$!
{
	archiveVersion = 1;
	classes = {
	};
	objectVersion = 56;
	objects = {

/* Begin PBXBuildFile section */
		70AAC782306D805C0022E461 /* createdmg.icon in Resources */ = {isa = PBXBuildFile; fileRef = 70AAC781306D805C0022E461 /* createdmg.icon */; };
		A10000000000000000000001 /* DMGBuilderApp.swift in Sources */ = {isa = PBXBuildFile; fileRef = B10000000000000000000001 /* DMGBuilderApp.swift */; };
		A10000000000000000000002 /* ContentView.swift in Sources */ = {isa = PBXBuildFile; fileRef = B10000000000000000000002 /* ContentView.swift */; };
		A10000000000000000000003 /* DMGBuilderViewModel.swift in Sources */ = {isa = PBXBuildFile; fileRef = B10000000000000000000003 /* DMGBuilderViewModel.swift */; };
		A10000000000000000000004 /* DMGBuilderService.swift in Sources */ = {isa = PBXBuildFile; fileRef = B10000000000000000000004 /* DMGBuilderService.swift */; };
		A10000000000000000000005 /* DMGBuildResult.swift in Sources */ = {isa = PBXBuildFile; fileRef = B10000000000000000000005 /* DMGBuildResult.swift */; };
		A10000000000000000000006 /* Assets.xcassets in Resources */ = {isa = PBXBuildFile; fileRef = B10000000000000000000006 /* Assets.xcassets */; };
/* End PBXBuildFile section */

/* Begin PBXFileReference section */
		70AAC781306D805C0022E461 /* createdmg.icon */ = {isa = PBXFileReference; lastKnownFileType = folder.iconcomposer.icon; path = createdmg.icon; sourceTree = "<group>"; };
		B10000000000000000000001 /* DMGBuilderApp.swift */ = {isa = PBXFileReference; lastKnownFileType = sourcecode.swift; path = DMGBuilderApp.swift; sourceTree = "<group>"; };
		B10000000000000000000002 /* ContentView.swift */ = {isa = PBXFileReference; lastKnownFileType = sourcecode.swift; path = ContentView.swift; sourceTree = "<group>"; };
		B10000000000000000000003 /* DMGBuilderViewModel.swift */ = {isa = PBXFileReference; lastKnownFileType = sourcecode.swift; path = DMGBuilderViewModel.swift; sourceTree = "<group>"; };
		B10000000000000000000004 /* DMGBuilderService.swift */ = {isa = PBXFileReference; lastKnownFileType = sourcecode.swift; path = DMGBuilderService.swift; sourceTree = "<group>"; };
		B10000000000000000000005 /* DMGBuildResult.swift */ = {isa = PBXFileReference; lastKnownFileType = sourcecode.swift; path = DMGBuildResult.swift; sourceTree = "<group>"; };
		B10000000000000000000006 /* Assets.xcassets */ = {isa = PBXFileReference; lastKnownFileType = folder.assetcatalog; path = Assets.xcassets; sourceTree = "<group>"; };
		B10000000000000000000007 /* DMGBuilder.app */ = {isa = PBXFileReference; explicitFileType = wrapper.application; includeInIndex = 0; path = DMGBuilder.app; sourceTree = BUILT_PRODUCTS_DIR; };
/* End PBXFileReference section */

/* Begin PBXFrameworksBuildPhase section */
		C10000000000000000000001 /* Frameworks */ = {
			isa = PBXFrameworksBuildPhase;
			buildActionMask = 2147483647;
			files = (
			);
			runOnlyForDeploymentPostprocessing = 0;
		};
/* End PBXFrameworksBuildPhase section */

/* Begin PBXGroup section */
		D10000000000000000000001 = {
			isa = PBXGroup;
			children = (
				D10000000000000000000002 /* CreateDmg */,
				D10000000000000000000003 /* Products */,
			);
			sourceTree = "<group>";
		};
		D10000000000000000000002 /* CreateDmg */ = {
			isa = PBXGroup;
			children = (
				70AAC781306D805C0022E461 /* createdmg.icon */,
				B10000000000000000000006 /* Assets.xcassets */,
				D10000000000000000000004 /* App */,
				D10000000000000000000005 /* Views */,
				D10000000000000000000006 /* ViewModels */,
				D10000000000000000000007 /* Services */,
				D10000000000000000000008 /* Models */,
			);
			path = CreateDmg;
			sourceTree = "<group>";
		};
		D10000000000000000000003 /* Products */ = {
			isa = PBXGroup;
			children = (
				B10000000000000000000007 /* DMGBuilder.app */,
			);
			name = Products;
			sourceTree = "<group>";
		};
		D10000000000000000000004 /* App */ = {
			isa = PBXGroup;
			children = (
				B10000000000000000000001 /* DMGBuilderApp.swift */,
			);
			path = App;
			sourceTree = "<group>";
		};
		D10000000000000000000005 /* Views */ = {
			isa = PBXGroup;
			children = (
				B10000000000000000000002 /* ContentView.swift */,
			);
			path = Views;
			sourceTree = "<group>";
		};
		D10000000000000000000006 /* ViewModels */ = {
			isa = PBXGroup;
			children = (
				B10000000000000000000003 /* DMGBuilderViewModel.swift */,
			);
			path = ViewModels;
			sourceTree = "<group>";
		};
		D10000000000000000000007 /* Services */ = {
			isa = PBXGroup;
			children = (
				B10000000000000000000004 /* DMGBuilderService.swift */,
			);
			path = Services;
			sourceTree = "<group>";
		};
		D10000000000000000000008 /* Models */ = {
			isa = PBXGroup;
			children = (
				B10000000000000000000005 /* DMGBuildResult.swift */,
			);
			path = Models;
			sourceTree = "<group>";
		};
/* End PBXGroup section */

/* Begin PBXNativeTarget section */
		E10000000000000000000001 /* DMGBuilder */ = {
			isa = PBXNativeTarget;
			buildConfigurationList = F10000000000000000000002 /* Build configuration list for PBXNativeTarget "DMGBuilder" */;
			buildPhases = (
				E10000000000000000000002 /* Sources */,
				C10000000000000000000001 /* Frameworks */,
				E10000000000000000000003 /* Resources */,
			);
			buildRules = (
			);
			dependencies = (
			);
			name = DMGBuilder;
			productName = DMGBuilder;
			productReference = B10000000000000000000007 /* DMGBuilder.app */;
			productType = "com.apple.product-type.application";
		};
/* End PBXNativeTarget section */

/* Begin PBXProject section */
		E10000000000000000000004 /* Project object */ = {
			isa = PBXProject;
			attributes = {
				BuildIndependentTargetsInParallel = YES;
				LastUpgradeCheck = 1500;
				TargetAttributes = {
					E10000000000000000000001 = {
						CreatedOnToolsVersion = 15.0;
					};
				};
			};
			buildConfigurationList = F10000000000000000000001 /* Build configuration list for PBXProject "DMGBuilder" */;
			compatibilityVersion = "Xcode 14.0";
			developmentRegion = en;
			hasScannedForEncodings = 0;
			knownRegions = (
				en,
				Base,
			);
			mainGroup = D10000000000000000000001;
			productRefGroup = D10000000000000000000003 /* Products */;
			projectDirPath = "";
			projectRoot = "";
			targets = (
				E10000000000000000000001 /* DMGBuilder */,
			);
		};
/* End PBXProject section */

/* Begin PBXResourcesBuildPhase section */
		E10000000000000000000003 /* Resources */ = {
			isa = PBXResourcesBuildPhase;
			buildActionMask = 2147483647;
			files = (
				A10000000000000000000006 /* Assets.xcassets in Resources */,
				70AAC782306D805C0022E461 /* createdmg.icon in Resources */,
			);
			runOnlyForDeploymentPostprocessing = 0;
		};
/* End PBXResourcesBuildPhase section */

/* Begin PBXSourcesBuildPhase section */
		E10000000000000000000002 /* Sources */ = {
			isa = PBXSourcesBuildPhase;
			buildActionMask = 2147483647;
			files = (
				A10000000000000000000001 /* DMGBuilderApp.swift in Sources */,
				A10000000000000000000002 /* ContentView.swift in Sources */,
				A10000000000000000000003 /* DMGBuilderViewModel.swift in Sources */,
				A10000000000000000000004 /* DMGBuilderService.swift in Sources */,
				A10000000000000000000005 /* DMGBuildResult.swift in Sources */,
			);
			runOnlyForDeploymentPostprocessing = 0;
		};
/* End PBXSourcesBuildPhase section */

/* Begin XCBuildConfiguration section */
		F10000000000000000000003 /* Debug */ = {
			isa = XCBuildConfiguration;
			buildSettings = {
				ALWAYS_SEARCH_USER_PATHS = NO;
				CLANG_ENABLE_MODULES = YES;
				MACOSX_DEPLOYMENT_TARGET = 13.0;
				SDKROOT = macosx;
				SWIFT_VERSION = 5.0;
			};
			name = Debug;
		};
		F10000000000000000000004 /* Release */ = {
			isa = XCBuildConfiguration;
			buildSettings = {
				ALWAYS_SEARCH_USER_PATHS = NO;
				CLANG_ENABLE_MODULES = YES;
				MACOSX_DEPLOYMENT_TARGET = 13.0;
				SDKROOT = macosx;
				SWIFT_VERSION = 5.0;
			};
			name = Release;
		};
		F10000000000000000000005 /* Debug */ = {
			isa = XCBuildConfiguration;
			buildSettings = {
				ASSETCATALOG_COMPILER_APPICON_NAME = createdmg;
				ASSETCATALOG_COMPILER_GLOBAL_ACCENT_COLOR_NAME = AccentColor;
				ASSETCATALOG_COMPILER_INCLUDE_ALL_APPICON_ASSETS = YES;
				CODE_SIGN_STYLE = Automatic;
				CURRENT_PROJECT_VERSION = 2;
				ENABLE_APP_SANDBOX = NO;
				GENERATE_INFOPLIST_FILE = YES;
				INFOPLIST_KEY_LSApplicationCategoryType = "public.app-category.developer-tools";
				INFOPLIST_KEY_NSHumanReadableCopyright = "";
				MACOSX_DEPLOYMENT_TARGET = 13.0;
				MARKETING_VERSION = 1.0.0;
				ONLY_ACTIVE_ARCH = YES;
				PRODUCT_BUNDLE_IDENTIFIER = com.internal.DMGBuilder;
				PRODUCT_NAME = DMGBuilder;
				SWIFT_VERSION = 5.0;
			};
			name = Debug;
		};
		F10000000000000000000006 /* Release */ = {
			isa = XCBuildConfiguration;
			buildSettings = {
				ASSETCATALOG_COMPILER_APPICON_NAME = createdmg;
				ASSETCATALOG_COMPILER_GLOBAL_ACCENT_COLOR_NAME = AccentColor;
				ASSETCATALOG_COMPILER_INCLUDE_ALL_APPICON_ASSETS = YES;
				CODE_SIGN_STYLE = Automatic;
				CURRENT_PROJECT_VERSION = 2;
				ENABLE_APP_SANDBOX = NO;
				GENERATE_INFOPLIST_FILE = YES;
				INFOPLIST_KEY_LSApplicationCategoryType = "public.app-category.developer-tools";
				INFOPLIST_KEY_NSHumanReadableCopyright = "";
				MACOSX_DEPLOYMENT_TARGET = 13.0;
				MARKETING_VERSION = 1.0.0;
				PRODUCT_BUNDLE_IDENTIFIER = com.internal.DMGBuilder;
				PRODUCT_NAME = DMGBuilder;
				SWIFT_VERSION = 5.0;
			};
			name = Release;
		};
/* End XCBuildConfiguration section */

/* Begin XCConfigurationList section */
		F10000000000000000000001 /* Build configuration list for PBXProject "DMGBuilder" */ = {
			isa = XCConfigurationList;
			buildConfigurations = (
				F10000000000000000000003 /* Debug */,
				F10000000000000000000004 /* Release */,
			);
			defaultConfigurationIsVisible = 0;
			defaultConfigurationName = Release;
		};
		F10000000000000000000002 /* Build configuration list for PBXNativeTarget "DMGBuilder" */ = {
			isa = XCConfigurationList;
			buildConfigurations = (
				F10000000000000000000005 /* Debug */,
				F10000000000000000000006 /* Release */,
			);
			defaultConfigurationIsVisible = 0;
			defaultConfigurationName = Release;
		};
/* End XCConfigurationList section */
	};
	rootObject = E10000000000000000000004 /* Project object */;
}
